PODS:
  - LithoOperators (0.1.1):
    - Prelude
  - Prelude (3.0.0)

DEPENDENCIES:
  - LithoOperators (from `../`)

SPEC REPOS:
  trunk:
    - Prelude

EXTERNAL SOURCES:
  LithoOperators:
    :path: "../"

SPEC CHECKSUMS:
  LithoOperators: ca90994e1aa8e66eda3dcffe89095869ef5b4b66
  Prelude: fe4cc0fd961d34edf48fe6b04d05c863449efb0a

PODFILE CHECKSUM: 978fb52e184ab91794bf7459713a561a644023bd

COCOAPODS: 1.10.0
